
Microsoft Visual Studio Solution File, Format Version 12.00
# Visual Studio 15
VisualStudioVersion = 15.0.26124.0
MinimumVisualStudioVersion = 15.0.26124.0
Project("{9A19103F-16F7-4668-BE54-9A1E7A4F7556}") = "QuoteService", "src\QuoteService\QuoteService.csproj", "{42FED4DB-BB76-40FC-B23B-745058E51291}"
EndProject
Global
	GlobalSection(SolutionConfigurationPlatforms) = preSolution
		Debug|Any CPU = Debug|Any CPU
		Release|Any CPU = Release|Any CPU
	EndGlobalSection
	GlobalSection(ProjectConfigurationPlatforms) = postSolution
		{42FED4DB-BB76-40FC-B23B-745058E51291}.Debug|Any CPU.ActiveCfg = Debug|Any CPU
		{42FED4DB-BB76-40FC-B23B-745058E51291}.Debug|Any CPU.Build.0 = Debug|Any CPU
		{42FED4DB-BB76-40FC-B23B-745058E51291}.Release|Any CPU.ActiveCfg = Release|Any CPU
		{42FED4DB-BB76-40FC-B23B-745058E51291}.Release|Any CPU.Build.0 = Release|Any CPU
	EndGlobalSection
	GlobalSection(SolutionProperties) = preSolution
		HideSolutionNode = FALSE
	EndGlobalSection
	GlobalSection(ExtensibilityGlobals) = postSolution
		SolutionGuid = {BC7F264E-7110-462E-AA88-71C538B18275}
	EndGlobalSection
EndGlobal
